
Microsoft Visual Studio Solution File, Format Version 12.00
# Visual Studio Version 17
VisualStudioVersion = 17.13.35617.110 d17.13
MinimumVisualStudioVersion = 10.0.40219.1
Project("{FAE04EC0-301F-11D3-BF4B-00C04F79EFBC}") = "SandWindowsForms", "SandWindowsForms.csproj", "{84D7CAC9-21F4-4E94-BA9F-D54FC48E1482}"
EndProject
Global
	GlobalSection(SolutionConfigurationPlatforms) = preSolution
		Debug|Any CPU = Debug|Any CPU
		Release|Any CPU = Release|Any CPU
	EndGlobalSection
	GlobalSection(ProjectConfigurationPlatforms) = postSolution
		{84D7CAC9-21F4-4E94-BA9F-D54FC48E1482}.Debug|Any CPU.ActiveCfg = Debug|Any CPU
		{84D7CAC9-21F4-4E94-BA9F-D54FC48E1482}.Debug|Any CPU.Build.0 = Debug|Any CPU
		{84D7CAC9-21F4-4E94-BA9F-D54FC48E1482}.Release|Any CPU.ActiveCfg = Release|Any CPU
		{84D7CAC9-21F4-4E94-BA9F-D54FC48E1482}.Release|Any CPU.Build.0 = Release|Any CPU
	EndGlobalSection
	GlobalSection(SolutionProperties) = preSolution
		HideSolutionNode = FALSE
	EndGlobalSection
	GlobalSection(ExtensibilityGlobals) = postSolution
		SolutionGuid = {E068268B-EBED-4D2E-90A1-1615C39AE343}
	EndGlobalSection
EndGlobal
